
Microsoft Visual Studio Solution File, Format Version 11.00
# Visual Studio 2010
Project("{FAE04EC0-301F-11D3-BF4B-00C04F79EFBC}") = "Microsoft.PowerShell.GData", "Microsoft.PowerShell.GData.csproj", "{F09B8C5E-07C3-484A-AAF2-D2320A427925}"
EndProject
Global
	GlobalSection(SolutionConfigurationPlatforms) = preSolution
		Debug|Any CPU = Debug|Any CPU
		Release|Any CPU = Release|Any CPU
	EndGlobalSection
	GlobalSection(ProjectConfigurationPlatforms) = postSolution
		{F09B8C5E-07C3-484A-AAF2-D2320A427925}.Debug|Any CPU.ActiveCfg = Debug|Any CPU
		{F09B8C5E-07C3-484A-AAF2-D2320A427925}.Debug|Any CPU.Build.0 = Debug|Any CPU
		{F09B8C5E-07C3-484A-AAF2-D2320A427925}.Release|Any CPU.ActiveCfg = Release|Any CPU
		{F09B8C5E-07C3-484A-AAF2-D2320A427925}.Release|Any CPU.Build.0 = Release|Any CPU
	EndGlobalSection
	GlobalSection(SolutionProperties) = preSolution
		HideSolutionNode = FALSE
	EndGlobalSection
EndGlobal
